
Microsoft Visual Studio Solution File, Format Version 12.00
# Visual Studio 15
VisualStudioVersion = 15.0.28307.168
MinimumVisualStudioVersion = 10.0.40219.1
Project("{FAE04EC0-301F-11D3-BF4B-00C04F79EFBC}") = "WindowsFormsApp1", "WindowsFormsApp1\WindowsFormsApp1.csproj", "{B698BCAD-77E2-4F5E-A5A7-DD2CE98D5F62}"
EndProject
Global
	GlobalSection(SolutionConfigurationPlatforms) = preSolution
		Debug|Any CPU = Debug|Any CPU
		Release|Any CPU = Release|Any CPU
	EndGlobalSection
	GlobalSection(ProjectConfigurationPlatforms) = postSolution
		{B698BCAD-77E2-4F5E-A5A7-DD2CE98D5F62}.Debug|Any CPU.ActiveCfg = Debug|Any CPU
		{B698BCAD-77E2-4F5E-A5A7-DD2CE98D5F62}.Debug|Any CPU.Build.0 = Debug|Any CPU
		{B698BCAD-77E2-4F5E-A5A7-DD2CE98D5F62}.Release|Any CPU.ActiveCfg = Release|Any CPU
		{B698BCAD-77E2-4F5E-A5A7-DD2CE98D5F62}.Release|Any CPU.Build.0 = Release|Any CPU
	EndGlobalSection
	GlobalSection(SolutionProperties) = preSolution
		HideSolutionNode = FALSE
	EndGlobalSection
	GlobalSection(ExtensibilityGlobals) = postSolution
		SolutionGuid = {31E4C871-4140-458B-A5C4-B7362B0E3309}
	EndGlobalSection
EndGlobal
